
Microsoft Visual Studio Solution File, Format Version 12.00
# Visual Studio 15
VisualStudioVersion = 15.0.26730.15
MinimumVisualStudioVersion = 10.0.40219.1
Project("{FAE04EC0-301F-11D3-BF4B-00C04F79EFBC}") = "01. Passed", "Passed\01. Passed.csproj", "{52120330-D3B9-4F7F-991E-BD3F45216FA9}"
EndProject
Project("{FAE04EC0-301F-11D3-BF4B-00C04F79EFBC}") = "02. PassedOrFailed", "PassedOrFailed\02. PassedOrFailed.csproj", "{7184D73A-BCFD-4F3E-93EE-5FA978ECACA7}"
EndProject
Project("{FAE04EC0-301F-11D3-BF4B-00C04F79EFBC}") = "03. BackIn30Minutes", "BackIn30Minutes\03. BackIn30Minutes.csproj", "{75E4438A-32D9-4C19-889E-FA382114DFF7}"
EndProject
Project("{FAE04EC0-301F-11D3-BF4B-00C04F79EFBC}") = "04. MonthPrinter", "MonthPrinter\04. MonthPrinter.csproj", "{44474531-03AC-4D56-BDC6-3F1BB2F58A8C}"
EndProject
Project("{FAE04EC0-301F-11D3-BF4B-00C04F79EFBC}") = "05. ForeignLanguages", "ForeignLanguages\05. ForeignLanguages.csproj", "{C0EF5439-DEF3-4EAB-8B38-D36CD37650DB}"
EndProject
Project("{FAE04EC0-301F-11D3-BF4B-00C04F79EFBC}") = "06. TheatrePromotion", "TheatrePromotion\06. TheatrePromotion.csproj", "{418D5CB3-1250-4BE5-94D0-14AD447A729E}"
EndProject
Project("{FAE04EC0-301F-11D3-BF4B-00C04F79EFBC}") = "07. DivisibleBy3", "DivisibleBy3\07. DivisibleBy3.csproj", "{BB7351C5-6B8C-4673-9F8B-1F08D5DB1C08}"
EndProject
Project("{FAE04EC0-301F-11D3-BF4B-00C04F79EFBC}") = "08. SumOfOddNumbers", "SumOfOddNumbers\08. SumOfOddNumbers.csproj", "{9B11017D-FBF1-4DD8-B753-B119EE4777B4}"
EndProject
Project("{FAE04EC0-301F-11D3-BF4B-00C04F79EFBC}") = "09. MultiplicationTable", "MultiplicationTable\09. MultiplicationTable.csproj", "{564AA1C1-87CC-4B83-95CB-F36C42F6B7E5}"
EndProject
Project("{FAE04EC0-301F-11D3-BF4B-00C04F79EFBC}") = "10. MultiplicationTable2.0", "MultiplicationTable2.0\10. MultiplicationTable2.0.csproj", "{6611FF70-BC61-44E1-A933-D5698A70E629}"
EndProject
Project("{FAE04EC0-301F-11D3-BF4B-00C04F79EFBC}") = "11. OddNumber", "OddNumber\11. OddNumber.csproj", "{17C68D4D-50A8-4C76-B35A-77205B7FC41B}"
EndProject
Project("{FAE04EC0-301F-11D3-BF4B-00C04F79EFBC}") = "12. NumberChecker", "NumberChecker\12. NumberChecker.csproj", "{248DA043-8B9F-4C14-9819-4FDA4DD9EC09}"
EndProject
Global
	GlobalSection(SolutionConfigurationPlatforms) = preSolution
		Debug|Any CPU = Debug|Any CPU
		Release|Any CPU = Release|Any CPU
	EndGlobalSection
	GlobalSection(ProjectConfigurationPlatforms) = postSolution
		{52120330-D3B9-4F7F-991E-BD3F45216FA9}.Debug|Any CPU.ActiveCfg = Debug|Any CPU
		{52120330-D3B9-4F7F-991E-BD3F45216FA9}.Debug|Any CPU.Build.0 = Debug|Any CPU
		{52120330-D3B9-4F7F-991E-BD3F45216FA9}.Release|Any CPU.ActiveCfg = Release|Any CPU
		{52120330-D3B9-4F7F-991E-BD3F45216FA9}.Release|Any CPU.Build.0 = Release|Any CPU
		{7184D73A-BCFD-4F3E-93EE-5FA978ECACA7}.Debug|Any CPU.ActiveCfg = Debug|Any CPU
		{7184D73A-BCFD-4F3E-93EE-5FA978ECACA7}.Debug|Any CPU.Build.0 = Debug|Any CPU
		{7184D73A-BCFD-4F3E-93EE-5FA978ECACA7}.Release|Any CPU.ActiveCfg = Release|Any CPU
		{7184D73A-BCFD-4F3E-93EE-5FA978ECACA7}.Release|Any CPU.Build.0 = Release|Any CPU
		{75E4438A-32D9-4C19-889E-FA382114DFF7}.Debug|Any CPU.ActiveCfg = Debug|Any CPU
		{75E4438A-32D9-4C19-889E-FA382114DFF7}.Debug|Any CPU.Build.0 = Debug|Any CPU
		{75E4438A-32D9-4C19-889E-FA382114DFF7}.Release|Any CPU.ActiveCfg = Release|Any CPU
		{75E4438A-32D9-4C19-889E-FA382114DFF7}.Release|Any CPU.Build.0 = Release|Any CPU
		{44474531-03AC-4D56-BDC6-3F1BB2F58A8C}.Debug|Any CPU.ActiveCfg = Debug|Any CPU
		{44474531-03AC-4D56-BDC6-3F1BB2F58A8C}.Debug|Any CPU.Build.0 = Debug|Any CPU
		{44474531-03AC-4D56-BDC6-3F1BB2F58A8C}.Release|Any CPU.ActiveCfg = Release|Any CPU
		{44474531-03AC-4D56-BDC6-3F1BB2F58A8C}.Release|Any CPU.Build.0 = Release|Any CPU
		{C0EF5439-DEF3-4EAB-8B38-D36CD37650DB}.Debug|Any CPU.ActiveCfg = Debug|Any CPU
		{C0EF5439-DEF3-4EAB-8B38-D36CD37650DB}.Debug|Any CPU.Build.0 = Debug|Any CPU
		{C0EF5439-DEF3-4EAB-8B38-D36CD37650DB}.Release|Any CPU.ActiveCfg = Release|Any CPU
		{C0EF5439-DEF3-4EAB-8B38-D36CD37650DB}.Release|Any CPU.Build.0 = Release|Any CPU
		{418D5CB3-1250-4BE5-94D0-14AD447A729E}.Debug|Any CPU.ActiveCfg = Debug|Any CPU
		{418D5CB3-1250-4BE5-94D0-14AD447A729E}.Debug|Any CPU.Build.0 = Debug|Any CPU
		{418D5CB3-1250-4BE5-94D0-14AD447A729E}.Release|Any CPU.ActiveCfg = Release|Any CPU
		{418D5CB3-1250-4BE5-94D0-14AD447A729E}.Release|Any CPU.Build.0 = Release|Any CPU
		{BB7351C5-6B8C-4673-9F8B-1F08D5DB1C08}.Debug|Any CPU.ActiveCfg = Debug|Any CPU
		{BB7351C5-6B8C-4673-9F8B-1F08D5DB1C08}.Debug|Any CPU.Build.0 = Debug|Any CPU
		{BB7351C5-6B8C-4673-9F8B-1F08D5DB1C08}.Release|Any CPU.ActiveCfg = Release|Any CPU
		{BB7351C5-6B8C-4673-9F8B-1F08D5DB1C08}.Release|Any CPU.Build.0 = Release|Any CPU
		{9B11017D-FBF1-4DD8-B753-B119EE4777B4}.Debug|Any CPU.ActiveCfg = Debug|Any CPU
		{9B11017D-FBF1-4DD8-B753-B119EE4777B4}.Debug|Any CPU.Build.0 = Debug|Any CPU
		{9B11017D-FBF1-4DD8-B753-B119EE4777B4}.Release|Any CPU.ActiveCfg = Release|Any CPU
		{9B11017D-FBF1-4DD8-B753-B119EE4777B4}.Release|Any CPU.Build.0 = Release|Any CPU
		{564AA1C1-87CC-4B83-95CB-F36C42F6B7E5}.Debug|Any CPU.ActiveCfg = Debug|Any CPU
		{564AA1C1-87CC-4B83-95CB-F36C42F6B7E5}.Debug|Any CPU.Build.0 = Debug|Any CPU
		{564AA1C1-87CC-4B83-95CB-F36C42F6B7E5}.Release|Any CPU.ActiveCfg = Release|Any CPU
		{564AA1C1-87CC-4B83-95CB-F36C42F6B7E5}.Release|Any CPU.Build.0 = Release|Any CPU
		{6611FF70-BC61-44E1-A933-D5698A70E629}.Debug|Any CPU.ActiveCfg = Debug|Any CPU
		{6611FF70-BC61-44E1-A933-D5698A70E629}.Debug|Any CPU.Build.0 = Debug|Any CPU
		{6611FF70-BC61-44E1-A933-D5698A70E629}.Release|Any CPU.ActiveCfg = Release|Any CPU
		{6611FF70-BC61-44E1-A933-D5698A70E629}.Release|Any CPU.Build.0 = Release|Any CPU
		{17C68D4D-50A8-4C76-B35A-77205B7FC41B}.Debug|Any CPU.ActiveCfg = Debug|Any CPU
		{17C68D4D-50A8-4C76-B35A-77205B7FC41B}.Debug|Any CPU.Build.0 = Debug|Any CPU
		{17C68D4D-50A8-4C76-B35A-77205B7FC41B}.Release|Any CPU.ActiveCfg = Release|Any CPU
		{17C68D4D-50A8-4C76-B35A-77205B7FC41B}.Release|Any CPU.Build.0 = Release|Any CPU
		{248DA043-8B9F-4C14-9819-4FDA4DD9EC09}.Debug|Any CPU.ActiveCfg = Debug|Any CPU
		{248DA043-8B9F-4C14-9819-4FDA4DD9EC09}.Debug|Any CPU.Build.0 = Debug|Any CPU
		{248DA043-8B9F-4C14-9819-4FDA4DD9EC09}.Release|Any CPU.ActiveCfg = Release|Any CPU
		{248DA043-8B9F-4C14-9819-4FDA4DD9EC09}.Release|Any CPU.Build.0 = Release|Any CPU
	EndGlobalSection
	GlobalSection(SolutionProperties) = preSolution
		HideSolutionNode = FALSE
	EndGlobalSection
	GlobalSection(ExtensibilityGlobals) = postSolution
		SolutionGuid = {7E50C3BE-4820-4381-98C5-37EDA0E0E83E}
	EndGlobalSection
EndGlobal
