
Microsoft Visual Studio Solution File, Format Version 12.00
# Visual Studio 15
VisualStudioVersion = 15.0.27004.2009
MinimumVisualStudioVersion = 10.0.40219.1
Project("{FAE04EC0-301F-11D3-BF4B-00C04F79EFBC}") = "01. ReverseString", "ReverseString\01. ReverseString.csproj", "{985E509B-1F9A-4D4B-9560-D8DA4179F184}"
EndProject
Project("{FAE04EC0-301F-11D3-BF4B-00C04F79EFBC}") = "02. CountSubstringOccurrences", "CountSubstringOccurrences\02. CountSubstringOccurrences.csproj", "{65CB8DB4-83E6-427B-B538-6DB88FF79F80}"
EndProject
Project("{FAE04EC0-301F-11D3-BF4B-00C04F79EFBC}") = "03. TextFilter", "TextFilter\03. TextFilter.csproj", "{BEE1D405-B852-46BE-9029-9A556C7F59B9}"
EndProject
Project("{FAE04EC0-301F-11D3-BF4B-00C04F79EFBC}") = "04. Palindromes", "Palindromes\04. Palindromes.csproj", "{A1AE2F94-6FA0-4322-8FA5-38A88413EF8B}"
EndProject
Global
	GlobalSection(SolutionConfigurationPlatforms) = preSolution
		Debug|Any CPU = Debug|Any CPU
		Release|Any CPU = Release|Any CPU
	EndGlobalSection
	GlobalSection(ProjectConfigurationPlatforms) = postSolution
		{985E509B-1F9A-4D4B-9560-D8DA4179F184}.Debug|Any CPU.ActiveCfg = Debug|Any CPU
		{985E509B-1F9A-4D4B-9560-D8DA4179F184}.Debug|Any CPU.Build.0 = Debug|Any CPU
		{985E509B-1F9A-4D4B-9560-D8DA4179F184}.Release|Any CPU.ActiveCfg = Release|Any CPU
		{985E509B-1F9A-4D4B-9560-D8DA4179F184}.Release|Any CPU.Build.0 = Release|Any CPU
		{65CB8DB4-83E6-427B-B538-6DB88FF79F80}.Debug|Any CPU.ActiveCfg = Debug|Any CPU
		{65CB8DB4-83E6-427B-B538-6DB88FF79F80}.Debug|Any CPU.Build.0 = Debug|Any CPU
		{65CB8DB4-83E6-427B-B538-6DB88FF79F80}.Release|Any CPU.ActiveCfg = Release|Any CPU
		{65CB8DB4-83E6-427B-B538-6DB88FF79F80}.Release|Any CPU.Build.0 = Release|Any CPU
		{BEE1D405-B852-46BE-9029-9A556C7F59B9}.Debug|Any CPU.ActiveCfg = Debug|Any CPU
		{BEE1D405-B852-46BE-9029-9A556C7F59B9}.Debug|Any CPU.Build.0 = Debug|Any CPU
		{BEE1D405-B852-46BE-9029-9A556C7F59B9}.Release|Any CPU.ActiveCfg = Release|Any CPU
		{BEE1D405-B852-46BE-9029-9A556C7F59B9}.Release|Any CPU.Build.0 = Release|Any CPU
		{A1AE2F94-6FA0-4322-8FA5-38A88413EF8B}.Debug|Any CPU.ActiveCfg = Debug|Any CPU
		{A1AE2F94-6FA0-4322-8FA5-38A88413EF8B}.Debug|Any CPU.Build.0 = Debug|Any CPU
		{A1AE2F94-6FA0-4322-8FA5-38A88413EF8B}.Release|Any CPU.ActiveCfg = Release|Any CPU
		{A1AE2F94-6FA0-4322-8FA5-38A88413EF8B}.Release|Any CPU.Build.0 = Release|Any CPU
	EndGlobalSection
	GlobalSection(SolutionProperties) = preSolution
		HideSolutionNode = FALSE
	EndGlobalSection
	GlobalSection(ExtensibilityGlobals) = postSolution
		SolutionGuid = {DC752969-08C3-4C99-AD61-25A3B916D0FE}
	EndGlobalSection
EndGlobal
