
Microsoft Visual Studio Solution File, Format Version 12.00
# Visual Studio 15
VisualStudioVersion = 15.0.27004.2009
MinimumVisualStudioVersion = 10.0.40219.1
Project("{FAE04EC0-301F-11D3-BF4B-00C04F79EFBC}") = "01. AnonymousDownsite", "AnonymousDownsite\01. AnonymousDownsite.csproj", "{FFBB0E75-D32F-4880-B557-72B814701C8F}"
EndProject
Project("{FAE04EC0-301F-11D3-BF4B-00C04F79EFBC}") = "02. AnonymousThreat", "AnonymousThreat\02. AnonymousThreat.csproj", "{08ACAA6B-FC21-4B9B-9AA1-9552FB399AD8}"
EndProject
Project("{FAE04EC0-301F-11D3-BF4B-00C04F79EFBC}") = "03. AnonymousVox", "AnonymousVox\03. AnonymousVox.csproj", "{79FED423-B564-415A-81CB-1797EDC37254}"
EndProject
Project("{FAE04EC0-301F-11D3-BF4B-00C04F79EFBC}") = "04. AnonymousCache", "AnonymousCache\04. AnonymousCache.csproj", "{05BCA8B1-5703-4ACB-A27B-420BD9FC38F9}"
EndProject
Global
	GlobalSection(SolutionConfigurationPlatforms) = preSolution
		Debug|Any CPU = Debug|Any CPU
		Release|Any CPU = Release|Any CPU
	EndGlobalSection
	GlobalSection(ProjectConfigurationPlatforms) = postSolution
		{FFBB0E75-D32F-4880-B557-72B814701C8F}.Debug|Any CPU.ActiveCfg = Debug|Any CPU
		{FFBB0E75-D32F-4880-B557-72B814701C8F}.Debug|Any CPU.Build.0 = Debug|Any CPU
		{FFBB0E75-D32F-4880-B557-72B814701C8F}.Release|Any CPU.ActiveCfg = Release|Any CPU
		{FFBB0E75-D32F-4880-B557-72B814701C8F}.Release|Any CPU.Build.0 = Release|Any CPU
		{08ACAA6B-FC21-4B9B-9AA1-9552FB399AD8}.Debug|Any CPU.ActiveCfg = Debug|Any CPU
		{08ACAA6B-FC21-4B9B-9AA1-9552FB399AD8}.Debug|Any CPU.Build.0 = Debug|Any CPU
		{08ACAA6B-FC21-4B9B-9AA1-9552FB399AD8}.Release|Any CPU.ActiveCfg = Release|Any CPU
		{08ACAA6B-FC21-4B9B-9AA1-9552FB399AD8}.Release|Any CPU.Build.0 = Release|Any CPU
		{79FED423-B564-415A-81CB-1797EDC37254}.Debug|Any CPU.ActiveCfg = Debug|Any CPU
		{79FED423-B564-415A-81CB-1797EDC37254}.Debug|Any CPU.Build.0 = Debug|Any CPU
		{79FED423-B564-415A-81CB-1797EDC37254}.Release|Any CPU.ActiveCfg = Release|Any CPU
		{79FED423-B564-415A-81CB-1797EDC37254}.Release|Any CPU.Build.0 = Release|Any CPU
		{05BCA8B1-5703-4ACB-A27B-420BD9FC38F9}.Debug|Any CPU.ActiveCfg = Debug|Any CPU
		{05BCA8B1-5703-4ACB-A27B-420BD9FC38F9}.Debug|Any CPU.Build.0 = Debug|Any CPU
		{05BCA8B1-5703-4ACB-A27B-420BD9FC38F9}.Release|Any CPU.ActiveCfg = Release|Any CPU
		{05BCA8B1-5703-4ACB-A27B-420BD9FC38F9}.Release|Any CPU.Build.0 = Release|Any CPU
	EndGlobalSection
	GlobalSection(SolutionProperties) = preSolution
		HideSolutionNode = FALSE
	EndGlobalSection
	GlobalSection(ExtensibilityGlobals) = postSolution
		SolutionGuid = {5213B9EF-481F-4E05-A82E-7084758759F6}
	EndGlobalSection
EndGlobal
